
Microsoft Visual Studio Solution File, Format Version 12.00
# Visual Studio Version 16
VisualStudioVersion = 16.0.31424.327
MinimumVisualStudioVersion = 10.0.40219.1
Project("{FAE04EC0-301F-11D3-BF4B-00C04F79EFBC}") = "OdeToFood", "OdeToFood\OdeToFood.csproj", "{6F87E6A3-E759-4AC6-974E-7C7CDB880868}"
EndProject
Project("{FAE04EC0-301F-11D3-BF4B-00C04F79EFBC}") = "OdeToFood.Core", "OdeToFood.Core\OdeToFood.Core.csproj", "{EE8479C1-9D4C-4E35-916A-20B02BD6BCB9}"
EndProject
Project("{FAE04EC0-301F-11D3-BF4B-00C04F79EFBC}") = "OdeToFood.Data", "OdeToFood.Data\OdeToFood.Data.csproj", "{9B79E0E7-DB23-45D3-B9AD-91A0F6276054}"
EndProject
Global
	GlobalSection(SolutionConfigurationPlatforms) = preSolution
		Debug|Any CPU = Debug|Any CPU
		Release|Any CPU = Release|Any CPU
	EndGlobalSection
	GlobalSection(ProjectConfigurationPlatforms) = postSolution
		{6F87E6A3-E759-4AC6-974E-7C7CDB880868}.Debug|Any CPU.ActiveCfg = Debug|Any CPU
		{6F87E6A3-E759-4AC6-974E-7C7CDB880868}.Debug|Any CPU.Build.0 = Debug|Any CPU
		{6F87E6A3-E759-4AC6-974E-7C7CDB880868}.Release|Any CPU.ActiveCfg = Release|Any CPU
		{6F87E6A3-E759-4AC6-974E-7C7CDB880868}.Release|Any CPU.Build.0 = Release|Any CPU
		{EE8479C1-9D4C-4E35-916A-20B02BD6BCB9}.Debug|Any CPU.ActiveCfg = Debug|Any CPU
		{EE8479C1-9D4C-4E35-916A-20B02BD6BCB9}.Debug|Any CPU.Build.0 = Debug|Any CPU
		{EE8479C1-9D4C-4E35-916A-20B02BD6BCB9}.Release|Any CPU.ActiveCfg = Release|Any CPU
		{EE8479C1-9D4C-4E35-916A-20B02BD6BCB9}.Release|Any CPU.Build.0 = Release|Any CPU
		{9B79E0E7-DB23-45D3-B9AD-91A0F6276054}.Debug|Any CPU.ActiveCfg = Debug|Any CPU
		{9B79E0E7-DB23-45D3-B9AD-91A0F6276054}.Debug|Any CPU.Build.0 = Debug|Any CPU
		{9B79E0E7-DB23-45D3-B9AD-91A0F6276054}.Release|Any CPU.ActiveCfg = Release|Any CPU
		{9B79E0E7-DB23-45D3-B9AD-91A0F6276054}.Release|Any CPU.Build.0 = Release|Any CPU
	EndGlobalSection
	GlobalSection(SolutionProperties) = preSolution
		HideSolutionNode = FALSE
	EndGlobalSection
	GlobalSection(ExtensibilityGlobals) = postSolution
		SolutionGuid = {1FA796E8-1998-4505-884D-47C1DBEE30AE}
	EndGlobalSection
EndGlobal
